
Microsoft Visual Studio Solution File, Format Version 12.00
# Visual Studio Version 16
VisualStudioVersion = 16.0.31321.278
MinimumVisualStudioVersion = 10.0.40219.1
Project("{2150E333-8FDC-42A3-9474-1A3956D46DE8}") = "src", "src", "{D684C1D0-744E-4D72-A14D-50E864C9EF9A}"
EndProject
Project("{2150E333-8FDC-42A3-9474-1A3956D46DE8}") = "Building Blocks", "Building Blocks", "{08948B09-D9D4-4130-9C50-D4DF92FCF400}"
EndProject
Project("{2150E333-8FDC-42A3-9474-1A3956D46DE8}") = "Services", "Services", "{CA309AF8-4F45-4DFB-9D16-A3206F5B93F2}"
EndProject
Project("{2150E333-8FDC-42A3-9474-1A3956D46DE8}") = "Web", "Web", "{5567F094-5DB4-4A7D-A93C-5D5A71C4530C}"
EndProject
Project("{2150E333-8FDC-42A3-9474-1A3956D46DE8}") = "Identidade", "Identidade", "{E0C0F4BF-537C-475D-ADD3-797732AFA0C0}"
EndProject
Project("{9A19103F-16F7-4668-BE54-9A1E7A4F7556}") = "NSE.Identidade.API", "src\services\NSE.Identidade.API\NSE.Identidade.API.csproj", "{7F527D46-3164-4687-9481-FBB88A807654}"
EndProject
Project("{2150E333-8FDC-42A3-9474-1A3956D46DE8}") = "MVC", "MVC", "{7721F980-9018-4BC6-AC86-55D78B4E6ED0}"
EndProject
Project("{9A19103F-16F7-4668-BE54-9A1E7A4F7556}") = "NSE.WebApp.MVC", "src\web\NSE.WebApp.MVC\NSE.WebApp.MVC.csproj", "{DED88676-D59D-4FE0-8DBA-23E4263CABA2}"
EndProject
Project("{2150E333-8FDC-42A3-9474-1A3956D46DE8}") = "Core", "Core", "{E10CAE9B-55B6-4709-B8B8-56BEC8504966}"
EndProject
Project("{9A19103F-16F7-4668-BE54-9A1E7A4F7556}") = "NSE.Core", "src\building blocks\NSE.Core\NSE.Core.csproj", "{94E5BD96-8D6B-40D4-9C60-D9413FD0DAEC}"
EndProject
Project("{2150E333-8FDC-42A3-9474-1A3956D46DE8}") = "Carrinho", "Carrinho", "{647B3BBA-F9B0-43CC-A81A-588B271DA164}"
EndProject
Project("{2150E333-8FDC-42A3-9474-1A3956D46DE8}") = "Catalogo", "Catalogo", "{D9AD6FF6-7B74-4F15-961B-2A4BD3459061}"
EndProject
Project("{2150E333-8FDC-42A3-9474-1A3956D46DE8}") = "Cliente", "Cliente", "{063F3522-1AF0-4EDE-AF62-195E5B1FF1B6}"
EndProject
Project("{2150E333-8FDC-42A3-9474-1A3956D46DE8}") = "Pagamento", "Pagamento", "{2137A7D1-DE3B-4D8B-8C68-FBAFDA8FD6E4}"
EndProject
Project("{2150E333-8FDC-42A3-9474-1A3956D46DE8}") = "Pedido", "Pedido", "{71421778-8DB5-4840-A418-C15576574C91}"
EndProject
Project("{9A19103F-16F7-4668-BE54-9A1E7A4F7556}") = "NSE.Carrinho.API", "src\services\NSE.Carrinho.API\NSE.Carrinho.API.csproj", "{29A745B7-BB2A-4878-AFB6-64D7C6D9B223}"
EndProject
Project("{9A19103F-16F7-4668-BE54-9A1E7A4F7556}") = "NSE.Catalogo.API", "src\services\NSE.Catalogo.API\NSE.Catalogo.API.csproj", "{367ACD7E-EAC8-4257-A5F3-94395C937FC8}"
EndProject
Project("{9A19103F-16F7-4668-BE54-9A1E7A4F7556}") = "NSE.Clientes.API", "src\services\NSE.Cliente.API\NSE.Clientes.API.csproj", "{FED0BDD8-B971-4180-9981-FCF281B0A214}"
EndProject
Project("{2150E333-8FDC-42A3-9474-1A3956D46DE8}") = "Services", "Services", "{F037477E-F45A-4517-9FFE-810F91F0004F}"
EndProject
Project("{9A19103F-16F7-4668-BE54-9A1E7A4F7556}") = "NSE.WebApi.Core", "src\building blocks\NSE.WebApi.Core\NSE.WebApi.Core.csproj", "{249B88C9-E649-4087-A7ED-EA329CDA09AF}"
EndProject
Project("{2150E333-8FDC-42A3-9474-1A3956D46DE8}") = "MessageBus", "MessageBus", "{5F30166B-3190-4DAE-9DC2-AE85179B935A}"
EndProject
Project("{9A19103F-16F7-4668-BE54-9A1E7A4F7556}") = "NSE.MessageBus", "src\building blocks\NSE.MessageBus\NSE.MessageBus.csproj", "{4A3F9035-E58E-449D-B345-58814F07B183}"
EndProject
Project("{2150E333-8FDC-42A3-9474-1A3956D46DE8}") = "ApiGateways", "ApiGateways", "{78380C6F-D01F-422A-B3A7-B0D088049426}"
EndProject
Project("{2150E333-8FDC-42A3-9474-1A3956D46DE8}") = "Compras", "Compras", "{86D1FC8F-23AB-4DDA-9029-C3D157FD59E7}"
EndProject
Project("{9A19103F-16F7-4668-BE54-9A1E7A4F7556}") = "NSE.Bff.Compras", "src\api gateways\NSE.Bff.Compras\NSE.Bff.Compras.csproj", "{060D76E7-D41C-4326-8537-73F0D8ACCE53}"
EndProject
Project("{9A19103F-16F7-4668-BE54-9A1E7A4F7556}") = "NSE.Pagamentos.API", "src\services\NSE.Pagamento.API\NSE.Pagamentos.API.csproj", "{68A12C33-8D61-4544-B148-03C84058E56B}"
EndProject
Project("{9A19103F-16F7-4668-BE54-9A1E7A4F7556}") = "NSE.Pedidos.API", "src\services\NSE.Pedido.API\NSE.Pedidos.API.csproj", "{A7721D0E-1263-4679-AE4B-28385E3F05CF}"
EndProject
Project("{9A19103F-16F7-4668-BE54-9A1E7A4F7556}") = "NSE.Pedidos.Domain", "src\services\NSE.Pedidos.Domain\NSE.Pedidos.Domain.csproj", "{1B06C951-74C0-46C1-BD41-8F236D730A07}"
EndProject
Project("{9A19103F-16F7-4668-BE54-9A1E7A4F7556}") = "NSE.Pedidos.Infra", "src\services\NSE.Pedidos.Infra\NSE.Pedidos.Infra.csproj", "{F2BFE0BA-8DBA-460D-BE27-7C173A7D9978}"
EndProject
Project("{FAE04EC0-301F-11D3-BF4B-00C04F79EFBC}") = "NSE.Pagamentos.NerdsPag", "src\services\NSE.Pagamentos.NerdsPag\NSE.Pagamentos.NerdsPag.csproj", "{C7DD6A7D-9F8F-4A07-9E8D-FF56E452AC85}"
EndProject
Global
	GlobalSection(SolutionConfigurationPlatforms) = preSolution
		Debug|Any CPU = Debug|Any CPU
		Release|Any CPU = Release|Any CPU
	EndGlobalSection
	GlobalSection(ProjectConfigurationPlatforms) = postSolution
		{7F527D46-3164-4687-9481-FBB88A807654}.Debug|Any CPU.ActiveCfg = Debug|Any CPU
		{7F527D46-3164-4687-9481-FBB88A807654}.Debug|Any CPU.Build.0 = Debug|Any CPU
		{7F527D46-3164-4687-9481-FBB88A807654}.Release|Any CPU.ActiveCfg = Release|Any CPU
		{7F527D46-3164-4687-9481-FBB88A807654}.Release|Any CPU.Build.0 = Release|Any CPU
		{DED88676-D59D-4FE0-8DBA-23E4263CABA2}.Debug|Any CPU.ActiveCfg = Debug|Any CPU
		{DED88676-D59D-4FE0-8DBA-23E4263CABA2}.Debug|Any CPU.Build.0 = Debug|Any CPU
		{DED88676-D59D-4FE0-8DBA-23E4263CABA2}.Release|Any CPU.ActiveCfg = Release|Any CPU
		{DED88676-D59D-4FE0-8DBA-23E4263CABA2}.Release|Any CPU.Build.0 = Release|Any CPU
		{94E5BD96-8D6B-40D4-9C60-D9413FD0DAEC}.Debug|Any CPU.ActiveCfg = Debug|Any CPU
		{94E5BD96-8D6B-40D4-9C60-D9413FD0DAEC}.Debug|Any CPU.Build.0 = Debug|Any CPU
		{94E5BD96-8D6B-40D4-9C60-D9413FD0DAEC}.Release|Any CPU.ActiveCfg = Release|Any CPU
		{94E5BD96-8D6B-40D4-9C60-D9413FD0DAEC}.Release|Any CPU.Build.0 = Release|Any CPU
		{29A745B7-BB2A-4878-AFB6-64D7C6D9B223}.Debug|Any CPU.ActiveCfg = Debug|Any CPU
		{29A745B7-BB2A-4878-AFB6-64D7C6D9B223}.Debug|Any CPU.Build.0 = Debug|Any CPU
		{29A745B7-BB2A-4878-AFB6-64D7C6D9B223}.Release|Any CPU.ActiveCfg = Release|Any CPU
		{29A745B7-BB2A-4878-AFB6-64D7C6D9B223}.Release|Any CPU.Build.0 = Release|Any CPU
		{367ACD7E-EAC8-4257-A5F3-94395C937FC8}.Debug|Any CPU.ActiveCfg = Debug|Any CPU
		{367ACD7E-EAC8-4257-A5F3-94395C937FC8}.Debug|Any CPU.Build.0 = Debug|Any CPU
		{367ACD7E-EAC8-4257-A5F3-94395C937FC8}.Release|Any CPU.ActiveCfg = Release|Any CPU
		{367ACD7E-EAC8-4257-A5F3-94395C937FC8}.Release|Any CPU.Build.0 = Release|Any CPU
		{FED0BDD8-B971-4180-9981-FCF281B0A214}.Debug|Any CPU.ActiveCfg = Debug|Any CPU
		{FED0BDD8-B971-4180-9981-FCF281B0A214}.Debug|Any CPU.Build.0 = Debug|Any CPU
		{FED0BDD8-B971-4180-9981-FCF281B0A214}.Release|Any CPU.ActiveCfg = Release|Any CPU
		{FED0BDD8-B971-4180-9981-FCF281B0A214}.Release|Any CPU.Build.0 = Release|Any CPU
		{249B88C9-E649-4087-A7ED-EA329CDA09AF}.Debug|Any CPU.ActiveCfg = Debug|Any CPU
		{249B88C9-E649-4087-A7ED-EA329CDA09AF}.Debug|Any CPU.Build.0 = Debug|Any CPU
		{249B88C9-E649-4087-A7ED-EA329CDA09AF}.Release|Any CPU.ActiveCfg = Release|Any CPU
		{249B88C9-E649-4087-A7ED-EA329CDA09AF}.Release|Any CPU.Build.0 = Release|Any CPU
		{4A3F9035-E58E-449D-B345-58814F07B183}.Debug|Any CPU.ActiveCfg = Debug|Any CPU
		{4A3F9035-E58E-449D-B345-58814F07B183}.Debug|Any CPU.Build.0 = Debug|Any CPU
		{4A3F9035-E58E-449D-B345-58814F07B183}.Release|Any CPU.ActiveCfg = Release|Any CPU
		{4A3F9035-E58E-449D-B345-58814F07B183}.Release|Any CPU.Build.0 = Release|Any CPU
		{060D76E7-D41C-4326-8537-73F0D8ACCE53}.Debug|Any CPU.ActiveCfg = Debug|Any CPU
		{060D76E7-D41C-4326-8537-73F0D8ACCE53}.Debug|Any CPU.Build.0 = Debug|Any CPU
		{060D76E7-D41C-4326-8537-73F0D8ACCE53}.Release|Any CPU.ActiveCfg = Release|Any CPU
		{060D76E7-D41C-4326-8537-73F0D8ACCE53}.Release|Any CPU.Build.0 = Release|Any CPU
		{68A12C33-8D61-4544-B148-03C84058E56B}.Debug|Any CPU.ActiveCfg = Debug|Any CPU
		{68A12C33-8D61-4544-B148-03C84058E56B}.Debug|Any CPU.Build.0 = Debug|Any CPU
		{68A12C33-8D61-4544-B148-03C84058E56B}.Release|Any CPU.ActiveCfg = Release|Any CPU
		{68A12C33-8D61-4544-B148-03C84058E56B}.Release|Any CPU.Build.0 = Release|Any CPU
		{A7721D0E-1263-4679-AE4B-28385E3F05CF}.Debug|Any CPU.ActiveCfg = Debug|Any CPU
		{A7721D0E-1263-4679-AE4B-28385E3F05CF}.Debug|Any CPU.Build.0 = Debug|Any CPU
		{A7721D0E-1263-4679-AE4B-28385E3F05CF}.Release|Any CPU.ActiveCfg = Release|Any CPU
		{A7721D0E-1263-4679-AE4B-28385E3F05CF}.Release|Any CPU.Build.0 = Release|Any CPU
		{1B06C951-74C0-46C1-BD41-8F236D730A07}.Debug|Any CPU.ActiveCfg = Debug|Any CPU
		{1B06C951-74C0-46C1-BD41-8F236D730A07}.Debug|Any CPU.Build.0 = Debug|Any CPU
		{1B06C951-74C0-46C1-BD41-8F236D730A07}.Release|Any CPU.ActiveCfg = Release|Any CPU
		{1B06C951-74C0-46C1-BD41-8F236D730A07}.Release|Any CPU.Build.0 = Release|Any CPU
		{F2BFE0BA-8DBA-460D-BE27-7C173A7D9978}.Debug|Any CPU.ActiveCfg = Debug|Any CPU
		{F2BFE0BA-8DBA-460D-BE27-7C173A7D9978}.Debug|Any CPU.Build.0 = Debug|Any CPU
		{F2BFE0BA-8DBA-460D-BE27-7C173A7D9978}.Release|Any CPU.ActiveCfg = Release|Any CPU
		{F2BFE0BA-8DBA-460D-BE27-7C173A7D9978}.Release|Any CPU.Build.0 = Release|Any CPU
		{C7DD6A7D-9F8F-4A07-9E8D-FF56E452AC85}.Debug|Any CPU.ActiveCfg = Debug|Any CPU
		{C7DD6A7D-9F8F-4A07-9E8D-FF56E452AC85}.Debug|Any CPU.Build.0 = Debug|Any CPU
		{C7DD6A7D-9F8F-4A07-9E8D-FF56E452AC85}.Release|Any CPU.ActiveCfg = Release|Any CPU
		{C7DD6A7D-9F8F-4A07-9E8D-FF56E452AC85}.Release|Any CPU.Build.0 = Release|Any CPU
	EndGlobalSection
	GlobalSection(SolutionProperties) = preSolution
		HideSolutionNode = FALSE
	EndGlobalSection
	GlobalSection(NestedProjects) = preSolution
		{08948B09-D9D4-4130-9C50-D4DF92FCF400} = {D684C1D0-744E-4D72-A14D-50E864C9EF9A}
		{CA309AF8-4F45-4DFB-9D16-A3206F5B93F2} = {D684C1D0-744E-4D72-A14D-50E864C9EF9A}
		{5567F094-5DB4-4A7D-A93C-5D5A71C4530C} = {D684C1D0-744E-4D72-A14D-50E864C9EF9A}
		{E0C0F4BF-537C-475D-ADD3-797732AFA0C0} = {CA309AF8-4F45-4DFB-9D16-A3206F5B93F2}
		{7F527D46-3164-4687-9481-FBB88A807654} = {E0C0F4BF-537C-475D-ADD3-797732AFA0C0}
		{7721F980-9018-4BC6-AC86-55D78B4E6ED0} = {5567F094-5DB4-4A7D-A93C-5D5A71C4530C}
		{DED88676-D59D-4FE0-8DBA-23E4263CABA2} = {7721F980-9018-4BC6-AC86-55D78B4E6ED0}
		{E10CAE9B-55B6-4709-B8B8-56BEC8504966} = {08948B09-D9D4-4130-9C50-D4DF92FCF400}
		{94E5BD96-8D6B-40D4-9C60-D9413FD0DAEC} = {E10CAE9B-55B6-4709-B8B8-56BEC8504966}
		{647B3BBA-F9B0-43CC-A81A-588B271DA164} = {CA309AF8-4F45-4DFB-9D16-A3206F5B93F2}
		{D9AD6FF6-7B74-4F15-961B-2A4BD3459061} = {CA309AF8-4F45-4DFB-9D16-A3206F5B93F2}
		{063F3522-1AF0-4EDE-AF62-195E5B1FF1B6} = {CA309AF8-4F45-4DFB-9D16-A3206F5B93F2}
		{2137A7D1-DE3B-4D8B-8C68-FBAFDA8FD6E4} = {CA309AF8-4F45-4DFB-9D16-A3206F5B93F2}
		{71421778-8DB5-4840-A418-C15576574C91} = {CA309AF8-4F45-4DFB-9D16-A3206F5B93F2}
		{29A745B7-BB2A-4878-AFB6-64D7C6D9B223} = {647B3BBA-F9B0-43CC-A81A-588B271DA164}
		{367ACD7E-EAC8-4257-A5F3-94395C937FC8} = {D9AD6FF6-7B74-4F15-961B-2A4BD3459061}
		{FED0BDD8-B971-4180-9981-FCF281B0A214} = {063F3522-1AF0-4EDE-AF62-195E5B1FF1B6}
		{F037477E-F45A-4517-9FFE-810F91F0004F} = {08948B09-D9D4-4130-9C50-D4DF92FCF400}
		{249B88C9-E649-4087-A7ED-EA329CDA09AF} = {F037477E-F45A-4517-9FFE-810F91F0004F}
		{5F30166B-3190-4DAE-9DC2-AE85179B935A} = {08948B09-D9D4-4130-9C50-D4DF92FCF400}
		{4A3F9035-E58E-449D-B345-58814F07B183} = {5F30166B-3190-4DAE-9DC2-AE85179B935A}
		{78380C6F-D01F-422A-B3A7-B0D088049426} = {D684C1D0-744E-4D72-A14D-50E864C9EF9A}
		{86D1FC8F-23AB-4DDA-9029-C3D157FD59E7} = {78380C6F-D01F-422A-B3A7-B0D088049426}
		{060D76E7-D41C-4326-8537-73F0D8ACCE53} = {86D1FC8F-23AB-4DDA-9029-C3D157FD59E7}
		{68A12C33-8D61-4544-B148-03C84058E56B} = {2137A7D1-DE3B-4D8B-8C68-FBAFDA8FD6E4}
		{A7721D0E-1263-4679-AE4B-28385E3F05CF} = {71421778-8DB5-4840-A418-C15576574C91}
		{1B06C951-74C0-46C1-BD41-8F236D730A07} = {71421778-8DB5-4840-A418-C15576574C91}
		{F2BFE0BA-8DBA-460D-BE27-7C173A7D9978} = {71421778-8DB5-4840-A418-C15576574C91}
		{C7DD6A7D-9F8F-4A07-9E8D-FF56E452AC85} = {2137A7D1-DE3B-4D8B-8C68-FBAFDA8FD6E4}
	EndGlobalSection
	GlobalSection(ExtensibilityGlobals) = postSolution
		SolutionGuid = {3FA395AD-DE1F-4397-B763-CE9791D67F1D}
	EndGlobalSection
EndGlobal
